
Microsoft Visual Studio Solution File, Format Version 12.00
# Visual Studio Version 17
VisualStudioVersion = 17.11.35312.102
MinimumVisualStudioVersion = 10.0.40219.1
Project("{2150E333-8FDC-42A3-9474-1A3956D46DE8}") = "Task0", "Task0", "{A03C3F83-6458-4026-B5AD-25BB622860FD}"
EndProject
Project("{9A19103F-16F7-4668-BE54-9A1E7A4F7556}") = "Tyuiu.EvseevEI.Sprint1.Task0.V4", "Tyuiu.EvseevEI.Sprint1.Task0.V4\Tyuiu.EvseevEI.Sprint1.Task0.V4.csproj", "{5A542D4D-ADDE-4B56-9CE1-AAD64D9ADC74}"
EndProject
Project("{9A19103F-16F7-4668-BE54-9A1E7A4F7556}") = "Tyuiu.EvseevEI.Sprint1.Task0.V4.Test", "Tyuiu.EvseevEI.Sprint1.Task0.V4.Test\Tyuiu.EvseevEI.Sprint1.Task0.V4.Test.csproj", "{DA8F3197-C8CE-4A80-9A29-DB231A8EF8FE}"
EndProject
Project("{9A19103F-16F7-4668-BE54-9A1E7A4F7556}") = "Tyuiu.EvseevEI.Sprint1.Task0.V4.Lib", "Tyuiu.EvseevEI.Sprint1.Task0.V4.Lib\Tyuiu.EvseevEI.Sprint1.Task0.V4.Lib.csproj", "{38A6FC86-2DA8-46A7-8EE2-1AFC91635C00}"
EndProject
Project("{2150E333-8FDC-42A3-9474-1A3956D46DE8}") = "Task1", "Task1", "{E581651C-56C7-44DD-B9B8-B214D1C17761}"
EndProject
Project("{FAE04EC0-301F-11D3-BF4B-00C04F79EFBC}") = "Tyuiu.EvseevEI.Sprint1.Task1.V9", "Tyuiu.EvseevEI.Sprint1.Task1.V9\Tyuiu.EvseevEI.Sprint1.Task1.V9.csproj", "{0E0B6029-7B33-4BE7-958C-C0C17CB0B81D}"
EndProject
Project("{FAE04EC0-301F-11D3-BF4B-00C04F79EFBC}") = "Tyuiu.EvseevEI.Sprint1.Task1.V9.Test", "Tyuiu.EvseevEI.Sprint1.Task1.V9.Test\Tyuiu.EvseevEI.Sprint1.Task1.V9.Test.csproj", "{833930F9-63BA-447E-8E77-D87AA9DD2CB8}"
EndProject
Project("{FAE04EC0-301F-11D3-BF4B-00C04F79EFBC}") = "Tyuiu.EvseevEI.Sprint1.Task1.V9.Lib", "Tyuiu.EvseevEI.Sprint1.Task1.V9.Lib\Tyuiu.EvseevEI.Sprint1.Task1.V9.Lib.csproj", "{1A678E66-93AD-470C-A441-E52AFB092C4E}"
EndProject
Project("{2150E333-8FDC-42A3-9474-1A3956D46DE8}") = "Task2", "Task2", "{94D093B2-FE16-4193-88BB-7D00C82A1F98}"
EndProject
Project("{FAE04EC0-301F-11D3-BF4B-00C04F79EFBC}") = "Tyuiu.EvseevEI.Sprint1.Task2.V19", "Tyuiu.EvseevEI.Sprint1.Task2.V19\Tyuiu.EvseevEI.Sprint1.Task2.V19.csproj", "{B500EFC2-19D8-4AA6-A713-BD5A0641A0E3}"
EndProject
Project("{FAE04EC0-301F-11D3-BF4B-00C04F79EFBC}") = "Tyuiu.EvseevEI.Sprint1.Task2.V19.Test", "Tyuiu.EvseevEI.Sprint1.Task2.V19.Test\Tyuiu.EvseevEI.Sprint1.Task2.V19.Test.csproj", "{D86C85D5-2B00-4272-9CF8-B6C190B29F05}"
EndProject
Project("{FAE04EC0-301F-11D3-BF4B-00C04F79EFBC}") = "Tyuiu.EvseevEI.Sprint1.Task2.V19.Lib", "Tyuiu.EvseevEI.Sprint1.Task2.V19.Lib\Tyuiu.EvseevEI.Sprint1.Task2.V19.Lib.csproj", "{0127732B-F96E-45E7-A043-6DA852210625}"
EndProject
Global
	GlobalSection(SolutionConfigurationPlatforms) = preSolution
		Debug|Any CPU = Debug|Any CPU
		Release|Any CPU = Release|Any CPU
	EndGlobalSection
	GlobalSection(ProjectConfigurationPlatforms) = postSolution
		{5A542D4D-ADDE-4B56-9CE1-AAD64D9ADC74}.Debug|Any CPU.ActiveCfg = Debug|Any CPU
		{5A542D4D-ADDE-4B56-9CE1-AAD64D9ADC74}.Debug|Any CPU.Build.0 = Debug|Any CPU
		{5A542D4D-ADDE-4B56-9CE1-AAD64D9ADC74}.Release|Any CPU.ActiveCfg = Release|Any CPU
		{5A542D4D-ADDE-4B56-9CE1-AAD64D9ADC74}.Release|Any CPU.Build.0 = Release|Any CPU
		{DA8F3197-C8CE-4A80-9A29-DB231A8EF8FE}.Debug|Any CPU.ActiveCfg = Debug|Any CPU
		{DA8F3197-C8CE-4A80-9A29-DB231A8EF8FE}.Debug|Any CPU.Build.0 = Debug|Any CPU
		{DA8F3197-C8CE-4A80-9A29-DB231A8EF8FE}.Release|Any CPU.ActiveCfg = Release|Any CPU
		{DA8F3197-C8CE-4A80-9A29-DB231A8EF8FE}.Release|Any CPU.Build.0 = Release|Any CPU
		{38A6FC86-2DA8-46A7-8EE2-1AFC91635C00}.Debug|Any CPU.ActiveCfg = Debug|Any CPU
		{38A6FC86-2DA8-46A7-8EE2-1AFC91635C00}.Debug|Any CPU.Build.0 = Debug|Any CPU
		{38A6FC86-2DA8-46A7-8EE2-1AFC91635C00}.Release|Any CPU.ActiveCfg = Release|Any CPU
		{38A6FC86-2DA8-46A7-8EE2-1AFC91635C00}.Release|Any CPU.Build.0 = Release|Any CPU
		{0E0B6029-7B33-4BE7-958C-C0C17CB0B81D}.Debug|Any CPU.ActiveCfg = Debug|Any CPU
		{0E0B6029-7B33-4BE7-958C-C0C17CB0B81D}.Debug|Any CPU.Build.0 = Debug|Any CPU
		{0E0B6029-7B33-4BE7-958C-C0C17CB0B81D}.Release|Any CPU.ActiveCfg = Release|Any CPU
		{0E0B6029-7B33-4BE7-958C-C0C17CB0B81D}.Release|Any CPU.Build.0 = Release|Any CPU
		{833930F9-63BA-447E-8E77-D87AA9DD2CB8}.Debug|Any CPU.ActiveCfg = Debug|Any CPU
		{833930F9-63BA-447E-8E77-D87AA9DD2CB8}.Debug|Any CPU.Build.0 = Debug|Any CPU
		{833930F9-63BA-447E-8E77-D87AA9DD2CB8}.Release|Any CPU.ActiveCfg = Release|Any CPU
		{833930F9-63BA-447E-8E77-D87AA9DD2CB8}.Release|Any CPU.Build.0 = Release|Any CPU
		{1A678E66-93AD-470C-A441-E52AFB092C4E}.Debug|Any CPU.ActiveCfg = Debug|Any CPU
		{1A678E66-93AD-470C-A441-E52AFB092C4E}.Debug|Any CPU.Build.0 = Debug|Any CPU
		{1A678E66-93AD-470C-A441-E52AFB092C4E}.Release|Any CPU.ActiveCfg = Release|Any CPU
		{1A678E66-93AD-470C-A441-E52AFB092C4E}.Release|Any CPU.Build.0 = Release|Any CPU
		{B500EFC2-19D8-4AA6-A713-BD5A0641A0E3}.Debug|Any CPU.ActiveCfg = Debug|Any CPU
		{B500EFC2-19D8-4AA6-A713-BD5A0641A0E3}.Debug|Any CPU.Build.0 = Debug|Any CPU
		{B500EFC2-19D8-4AA6-A713-BD5A0641A0E3}.Release|Any CPU.ActiveCfg = Release|Any CPU
		{B500EFC2-19D8-4AA6-A713-BD5A0641A0E3}.Release|Any CPU.Build.0 = Release|Any CPU
		{D86C85D5-2B00-4272-9CF8-B6C190B29F05}.Debug|Any CPU.ActiveCfg = Debug|Any CPU
		{D86C85D5-2B00-4272-9CF8-B6C190B29F05}.Debug|Any CPU.Build.0 = Debug|Any CPU
		{D86C85D5-2B00-4272-9CF8-B6C190B29F05}.Release|Any CPU.ActiveCfg = Release|Any CPU
		{D86C85D5-2B00-4272-9CF8-B6C190B29F05}.Release|Any CPU.Build.0 = Release|Any CPU
		{0127732B-F96E-45E7-A043-6DA852210625}.Debug|Any CPU.ActiveCfg = Debug|Any CPU
		{0127732B-F96E-45E7-A043-6DA852210625}.Debug|Any CPU.Build.0 = Debug|Any CPU
		{0127732B-F96E-45E7-A043-6DA852210625}.Release|Any CPU.ActiveCfg = Release|Any CPU
		{0127732B-F96E-45E7-A043-6DA852210625}.Release|Any CPU.Build.0 = Release|Any CPU
	EndGlobalSection
	GlobalSection(SolutionProperties) = preSolution
		HideSolutionNode = FALSE
	EndGlobalSection
	GlobalSection(NestedProjects) = preSolution
		{5A542D4D-ADDE-4B56-9CE1-AAD64D9ADC74} = {A03C3F83-6458-4026-B5AD-25BB622860FD}
		{DA8F3197-C8CE-4A80-9A29-DB231A8EF8FE} = {A03C3F83-6458-4026-B5AD-25BB622860FD}
		{38A6FC86-2DA8-46A7-8EE2-1AFC91635C00} = {A03C3F83-6458-4026-B5AD-25BB622860FD}
		{0E0B6029-7B33-4BE7-958C-C0C17CB0B81D} = {E581651C-56C7-44DD-B9B8-B214D1C17761}
		{833930F9-63BA-447E-8E77-D87AA9DD2CB8} = {E581651C-56C7-44DD-B9B8-B214D1C17761}
		{1A678E66-93AD-470C-A441-E52AFB092C4E} = {E581651C-56C7-44DD-B9B8-B214D1C17761}
		{B500EFC2-19D8-4AA6-A713-BD5A0641A0E3} = {94D093B2-FE16-4193-88BB-7D00C82A1F98}
		{D86C85D5-2B00-4272-9CF8-B6C190B29F05} = {94D093B2-FE16-4193-88BB-7D00C82A1F98}
		{0127732B-F96E-45E7-A043-6DA852210625} = {94D093B2-FE16-4193-88BB-7D00C82A1F98}
	EndGlobalSection
	GlobalSection(ExtensibilityGlobals) = postSolution
		SolutionGuid = {2F73D33B-BAE2-4553-9E9D-BF2A5720FC20}
	EndGlobalSection
EndGlobal
