
Microsoft Visual Studio Solution File, Format Version 12.00
# Visual Studio Version 17
VisualStudioVersion = 17.11.35312.102
MinimumVisualStudioVersion = 10.0.40219.1
Project("{2150E333-8FDC-42A3-9474-1A3956D46DE8}") = "Task0", "Task0", "{07098C8F-DD8E-4189-809A-63BCEFFC8E51}"
EndProject
Project("{FAE04EC0-301F-11D3-BF4B-00C04F79EFBC}") = "Tyuiu.EvseevEI.Sprint1.Task0.V4", "Tyuiu.EvseevEI.Sprint1.Task0.V4\Tyuiu.EvseevEI.Sprint1.Task0.V4.csproj", "{F74E33B0-A386-4918-8F92-15226225877E}"
EndProject
Project("{FAE04EC0-301F-11D3-BF4B-00C04F79EFBC}") = "Tyuiu.EvseevEI.Sprint1.Task0.V4.Test", "Tyuiu.EvseevEI.Sprint1.Task0.V4.Test\Tyuiu.EvseevEI.Sprint1.Task0.V4.Test.csproj", "{36F00135-8C4A-4045-BCA1-B25D5ABDD3FC}"
EndProject
Project("{FAE04EC0-301F-11D3-BF4B-00C04F79EFBC}") = "Tyuiu.EvseevEI.Sprint1.Task0.V4.Lib", "Tyuiu.EvseevEI.Sprint1.Task0.V4.Lib\Tyuiu.EvseevEI.Sprint1.Task0.V4.Lib.csproj", "{7885B134-F25A-49E0-B0F1-0F838A1FEDD2}"
EndProject
Global
	GlobalSection(SolutionConfigurationPlatforms) = preSolution
		Debug|Any CPU = Debug|Any CPU
		Release|Any CPU = Release|Any CPU
	EndGlobalSection
	GlobalSection(ProjectConfigurationPlatforms) = postSolution
		{F74E33B0-A386-4918-8F92-15226225877E}.Debug|Any CPU.ActiveCfg = Debug|Any CPU
		{F74E33B0-A386-4918-8F92-15226225877E}.Debug|Any CPU.Build.0 = Debug|Any CPU
		{F74E33B0-A386-4918-8F92-15226225877E}.Release|Any CPU.ActiveCfg = Release|Any CPU
		{F74E33B0-A386-4918-8F92-15226225877E}.Release|Any CPU.Build.0 = Release|Any CPU
		{36F00135-8C4A-4045-BCA1-B25D5ABDD3FC}.Debug|Any CPU.ActiveCfg = Debug|Any CPU
		{36F00135-8C4A-4045-BCA1-B25D5ABDD3FC}.Debug|Any CPU.Build.0 = Debug|Any CPU
		{36F00135-8C4A-4045-BCA1-B25D5ABDD3FC}.Release|Any CPU.ActiveCfg = Release|Any CPU
		{36F00135-8C4A-4045-BCA1-B25D5ABDD3FC}.Release|Any CPU.Build.0 = Release|Any CPU
		{7885B134-F25A-49E0-B0F1-0F838A1FEDD2}.Debug|Any CPU.ActiveCfg = Debug|Any CPU
		{7885B134-F25A-49E0-B0F1-0F838A1FEDD2}.Debug|Any CPU.Build.0 = Debug|Any CPU
		{7885B134-F25A-49E0-B0F1-0F838A1FEDD2}.Release|Any CPU.ActiveCfg = Release|Any CPU
		{7885B134-F25A-49E0-B0F1-0F838A1FEDD2}.Release|Any CPU.Build.0 = Release|Any CPU
	EndGlobalSection
	GlobalSection(SolutionProperties) = preSolution
		HideSolutionNode = FALSE
	EndGlobalSection
	GlobalSection(NestedProjects) = preSolution
		{F74E33B0-A386-4918-8F92-15226225877E} = {07098C8F-DD8E-4189-809A-63BCEFFC8E51}
		{36F00135-8C4A-4045-BCA1-B25D5ABDD3FC} = {07098C8F-DD8E-4189-809A-63BCEFFC8E51}
		{7885B134-F25A-49E0-B0F1-0F838A1FEDD2} = {07098C8F-DD8E-4189-809A-63BCEFFC8E51}
	EndGlobalSection
	GlobalSection(ExtensibilityGlobals) = postSolution
		SolutionGuid = {2F73D33B-BAE2-4553-9E9D-BF2A5720FC20}
	EndGlobalSection
EndGlobal
